
Microsoft Visual Studio Solution File, Format Version 12.00
# Visual Studio Version 17
VisualStudioVersion = 17.9.34902.65
MinimumVisualStudioVersion = 10.0.40219.1
Project("{9A19103F-16F7-4668-BE54-9A1E7A4F7556}") = "MVCWebApplication", "MVCWebApplication\MVCWebApplication.csproj", "{003755B4-D63C-4C51-B462-B45626F6703C}"
EndProject
Project("{9A19103F-16F7-4668-BE54-9A1E7A4F7556}") = "API_WebApplication", "API_WebApplication\API_WebApplication.csproj", "{EF1B2C58-BFE5-4C18-AB04-8FA050B0D054}"
EndProject
Project("{FAE04EC0-301F-11D3-BF4B-00C04F79EFBC}") = "Techonology.Entities", "Techonology.Entities\Techonology.Entities.csproj", "{D46F092A-CC08-482A-80AA-5DEC2EF907B4}"
EndProject
Project("{FAE04EC0-301F-11D3-BF4B-00C04F79EFBC}") = "Techonology.Repositories", "Techonology.Repositories\Techonology.Repositories.csproj", "{15D9B7FC-8AB7-4307-AF52-FC039F5C14D9}"
EndProject
Project("{FAE04EC0-301F-11D3-BF4B-00C04F79EFBC}") = "Techonology.UI", "Techonology.UI\Techonology.UI.csproj", "{22EFCFEA-2832-4D75-A015-A7B2C08AFCC1}"
EndProject
Global
	GlobalSection(SolutionConfigurationPlatforms) = preSolution
		Debug|Any CPU = Debug|Any CPU
		Release|Any CPU = Release|Any CPU
	EndGlobalSection
	GlobalSection(ProjectConfigurationPlatforms) = postSolution
		{003755B4-D63C-4C51-B462-B45626F6703C}.Debug|Any CPU.ActiveCfg = Debug|Any CPU
		{003755B4-D63C-4C51-B462-B45626F6703C}.Debug|Any CPU.Build.0 = Debug|Any CPU
		{003755B4-D63C-4C51-B462-B45626F6703C}.Release|Any CPU.ActiveCfg = Release|Any CPU
		{003755B4-D63C-4C51-B462-B45626F6703C}.Release|Any CPU.Build.0 = Release|Any CPU
		{EF1B2C58-BFE5-4C18-AB04-8FA050B0D054}.Debug|Any CPU.ActiveCfg = Debug|Any CPU
		{EF1B2C58-BFE5-4C18-AB04-8FA050B0D054}.Debug|Any CPU.Build.0 = Debug|Any CPU
		{EF1B2C58-BFE5-4C18-AB04-8FA050B0D054}.Release|Any CPU.ActiveCfg = Release|Any CPU
		{EF1B2C58-BFE5-4C18-AB04-8FA050B0D054}.Release|Any CPU.Build.0 = Release|Any CPU
		{D46F092A-CC08-482A-80AA-5DEC2EF907B4}.Debug|Any CPU.ActiveCfg = Debug|Any CPU
		{D46F092A-CC08-482A-80AA-5DEC2EF907B4}.Debug|Any CPU.Build.0 = Debug|Any CPU
		{D46F092A-CC08-482A-80AA-5DEC2EF907B4}.Release|Any CPU.ActiveCfg = Release|Any CPU
		{D46F092A-CC08-482A-80AA-5DEC2EF907B4}.Release|Any CPU.Build.0 = Release|Any CPU
		{15D9B7FC-8AB7-4307-AF52-FC039F5C14D9}.Debug|Any CPU.ActiveCfg = Debug|Any CPU
		{15D9B7FC-8AB7-4307-AF52-FC039F5C14D9}.Debug|Any CPU.Build.0 = Debug|Any CPU
		{15D9B7FC-8AB7-4307-AF52-FC039F5C14D9}.Release|Any CPU.ActiveCfg = Release|Any CPU
		{15D9B7FC-8AB7-4307-AF52-FC039F5C14D9}.Release|Any CPU.Build.0 = Release|Any CPU
		{22EFCFEA-2832-4D75-A015-A7B2C08AFCC1}.Debug|Any CPU.ActiveCfg = Debug|Any CPU
		{22EFCFEA-2832-4D75-A015-A7B2C08AFCC1}.Debug|Any CPU.Build.0 = Debug|Any CPU
		{22EFCFEA-2832-4D75-A015-A7B2C08AFCC1}.Release|Any CPU.ActiveCfg = Release|Any CPU
		{22EFCFEA-2832-4D75-A015-A7B2C08AFCC1}.Release|Any CPU.Build.0 = Release|Any CPU
	EndGlobalSection
	GlobalSection(SolutionProperties) = preSolution
		HideSolutionNode = FALSE
	EndGlobalSection
	GlobalSection(ExtensibilityGlobals) = postSolution
		SolutionGuid = {16B36EA8-B441-4E64-B689-F82D102DE89F}
	EndGlobalSection
EndGlobal
